PODS:
  - ble_radar (0.0.2):
    - Flutter
  - Flutter (1.0.0)

DEPENDENCIES:
  - ble_radar (from `.symlinks/plugins/ble_radar/ios`)
  - Flutter (from `Flutter`)

EXTERNAL SOURCES:
  ble_radar:
    :path: ".symlinks/plugins/ble_radar/ios"
  Flutter:
    :path: Flutter

SPEC CHECKSUMS:
  ble_radar: 519da890532f7586b28a6d75eab1933f9fa7841a
  Flutter: 434fef37c0980e73bb6479ef766c45957d4b510c

PODFILE CHECKSUM: 9db19232d14b595bca37ec9166d4737a161469e3

COCOAPODS: 1.10.1
